<?xml version="1.0" encoding="utf-8"?>
<Project ToolsVersion="4.0" xmlns="http://schemas.microsoft.com/developer/msbuild/2003">
  <ItemGroup>
    <ClCompile Include="main.cpp">
      <Filter>Application\Krobus Engine</Filter>
    </ClCompile>
    <ClCompile Include="KrobusEngine.cpp">
      <Filter>Application\Krobus Engine</Filter>
    </ClCompile>
    <ClCompile Include="LoadResources.cpp">
      <Filter>Application\Krobus Resources</Filter>
    </ClCompile>
    <ClCompile Include="GameInitialize.cpp">
      <Filter>Application\Krobus Resources</Filter>
    </ClCompile>
    <ClCompile Include="Scene.cpp">
      <Filter>Application\Krobus Engine\Scene</Filter>
    </ClCompile>
    <ClCompile Include="SceneRegistrationBroker.cpp">
      <Filter>Application\Krobus Engine\Scene\Command Pattern</Filter>
    </ClCompile>
    <ClCompile Include="DrawableManager.cpp">
      <Filter>Application\Krobus Engine\Game Object\Game Object Types\Drawable</Filter>
    </ClCompile>
    <ClCompile Include="Drawable.cpp">
      <Filter>Application\Krobus Engine\Game Object\Game Object Types\Drawable</Filter>
    </ClCompile>
    <ClCompile Include="UpdatableManager.cpp">
      <Filter>Application\Krobus Engine\Game Object\Game Object Types\Updatable</Filter>
    </ClCompile>
    <ClCompile Include="Updatable.cpp">
      <Filter>Application\Krobus Engine\Game Object\Game Object Types\Updatable</Filter>
    </ClCompile>
    <ClCompile Include="Alarmable.cpp">
      <Filter>Application\Krobus Engine\Game Object\Game Object Types\Alarmable</Filter>
    </ClCompile>
    <ClCompile Include="AlarmableManager.cpp">
      <Filter>Application\Krobus Engine\Game Object\Game Object Types\Alarmable</Filter>
    </ClCompile>
    <ClCompile Include="DrawDeregistrationCommand.cpp">
      <Filter>Application\Krobus Engine\Game Object\Game Object Types\Drawable\Commands</Filter>
    </ClCompile>
    <ClCompile Include="DrawRegistrationCommand.cpp">
      <Filter>Application\Krobus Engine\Game Object\Game Object Types\Drawable\Commands</Filter>
    </ClCompile>
    <ClCompile Include="UpdateDeregistrationCommand.cpp">
      <Filter>Application\Krobus Engine\Game Object\Game Object Types\Updatable\Commands</Filter>
    </ClCompile>
    <ClCompile Include="UpdateRegistrationCommand.cpp">
      <Filter>Application\Krobus Engine\Game Object\Game Object Types\Updatable\Commands</Filter>
    </ClCompile>
    <ClCompile Include="AlarmRegistrationCommand.cpp">
      <Filter>Application\Krobus Engine\Game Object\Game Object Types\Alarmable\Commands</Filter>
    </ClCompile>
    <ClCompile Include="AlarmDeregistrationCommand.cpp">
      <Filter>Application\Krobus Engine\Game Object\Game Object Types\Alarmable\Commands</Filter>
    </ClCompile>
    <ClCompile Include="KeyPressTester.cpp">
      <Filter>Application\User Code\Demo Objects\Test Objects</Filter>
    </ClCompile>
    <ClCompile Include="KeyStateTest.cpp">
      <Filter>Application\User Code\Demo Objects\Test Objects</Filter>
    </ClCompile>
    <ClCompile Include="Inputable.cpp">
      <Filter>Application\Krobus Engine\Game Object\Game Object Types\Inputable</Filter>
    </ClCompile>
    <ClCompile Include="SingleKeyEventManager.cpp">
      <Filter>Application\Krobus Engine\Game Object\Game Object Types\Inputable\Single Key Event Manager</Filter>
    </ClCompile>
    <ClCompile Include="KeyboardEventManager.cpp">
      <Filter>Application\Krobus Engine\Game Object\Game Object Types\Inputable\Keyboard Event Manager</Filter>
    </ClCompile>
    <ClCompile Include="InputRegistrationCommand.cpp">
      <Filter>Application\Krobus Engine\Game Object\Game Object Types\Inputable\Commands</Filter>
    </ClCompile>
    <ClCompile Include="InputDeregistrationCommand.cpp">
      <Filter>Application\Krobus Engine\Game Object\Game Object Types\Inputable\Commands</Filter>
    </ClCompile>
    <ClCompile Include="GameObjectEntryCommand.cpp">
      <Filter>Application\Krobus Engine\Game Object\Scene Entry/Exit</Filter>
    </ClCompile>
    <ClCompile Include="GameObjectExitCommand.cpp">
      <Filter>Application\Krobus Engine\Game Object\Scene Entry/Exit</Filter>
    </ClCompile>
    <ClCompile Include="GameObject.cpp">
      <Filter>Application\Krobus Engine\Game Object</Filter>
    </ClCompile>
    <ClCompile Include="Bullet.cpp">
      <Filter>Application\User Code\Demo Objects\Tank Demo Objects\Player\Player Bullet</Filter>
    </ClCompile>
    <ClCompile Include="BulletFactory.cpp">
      <Filter>Application\User Code\Demo Objects\Tank Demo Objects\Player\Player Bullet</Filter>
    </ClCompile>
    <ClCompile Include="TimeManager.cpp">
      <Filter>Application\Krobus Engine\TimeManager</Filter>
    </ClCompile>
    <ClCompile Include="ModelManager.cpp">
      <Filter>Application\Krobus Engine\Asset Managers\Models</Filter>
    </ClCompile>
    <ClCompile Include="ShaderManager.cpp">
      <Filter>Application\Krobus Engine\Asset Managers\Shaders</Filter>
    </ClCompile>
    <ClCompile Include="TextureManager.cpp">
      <Filter>Application\Krobus Engine\Asset Managers\Textures</Filter>
    </ClCompile>
    <ClCompile Include="FreezeTime.cpp">
      <Filter>Application\Krobus Engine\TimeManager</Filter>
    </ClCompile>
    <ClCompile Include="CameraManager.cpp">
      <Filter>Application\Krobus Engine\Camera</Filter>
    </ClCompile>
    <ClCompile Include="SceneChangeCommand.cpp">
      <Filter>Application\Krobus Engine\Scene\Command Pattern\Changing Scenes</Filter>
    </ClCompile>
    <ClCompile Include="CollisionDeregistrationCommand.cpp">
      <Filter>Application\Krobus Engine\Game Object\Game Object Types\Collidable\Commands</Filter>
    </ClCompile>
    <ClCompile Include="CollisionRegistrationCommand.cpp">
      <Filter>Application\Krobus Engine\Game Object\Game Object Types\Collidable\Commands</Filter>
    </ClCompile>
    <ClCompile Include="SceneManager.cpp">
      <Filter>Application\Krobus Engine\Scene\Scene Manager</Filter>
    </ClCompile>
    <ClCompile Include="Collidable.cpp">
      <Filter>Application\Krobus Engine\Game Object\Game Object Types\Collidable</Filter>
    </ClCompile>
    <ClCompile Include="CollidableGroup.cpp">
      <Filter>Application\Krobus Engine\Game Object\Game Object Types\Collidable</Filter>
    </ClCompile>
    <ClCompile Include="CollisionTestSelfCommand.cpp">
      <Filter>Application\Krobus Engine\Game Object\Game Object Types\Collidable\Commands</Filter>
    </ClCompile>
    <ClCompile Include="CollisionTestPairCommand.cpp">
      <Filter>Application\Krobus Engine\Game Object\Game Object Types\Collidable\Commands</Filter>
    </ClCompile>
    <ClCompile Include="CollisionManager.cpp">
      <Filter>Application\Krobus Engine\Collisions</Filter>
    </ClCompile>
    <ClCompile Include="CollisionVolumeBSphere.cpp">
      <Filter>Application\Krobus Engine\Collisions\BSphere</Filter>
    </ClCompile>
    <ClCompile Include="Visualizer.cpp">
      <Filter>Application\Krobus Engine\Collisions\Testing Tools</Filter>
    </ClCompile>
    <ClCompile Include="Colors.cpp">
      <Filter>Application\Krobus Engine\Colors</Filter>
    </ClCompile>
    <ClCompile Include="GameEnd.cpp">
      <Filter>Application\Krobus Resources</Filter>
    </ClCompile>
    <ClCompile Include="TankDemoStart.cpp">
      <Filter>Application\User Code\Scenes\TankDemo</Filter>
    </ClCompile>
    <ClCompile Include="Cottage.cpp">
      <Filter>Application\User Code\Demo Objects\Test Objects</Filter>
    </ClCompile>
    <ClCompile Include="Frigate.cpp">
      <Filter>Application\User Code\Demo Objects\Test Objects</Filter>
    </ClCompile>
    <ClCompile Include="SceneDemo.cpp">
      <Filter>Application\User Code\Scenes\Documentation Demos</Filter>
    </ClCompile>
    <ClCompile Include="CameraDemo.cpp">
      <Filter>Application\User Code\Scenes\Documentation Demos</Filter>
    </ClCompile>
    <ClCompile Include="MovementDemo.cpp">
      <Filter>Application\User Code\Scenes\Documentation Demos</Filter>
    </ClCompile>
    <ClCompile Include="KrobusSprite.cpp">
      <Filter>Application\Krobus Engine\Sprites</Filter>
    </ClCompile>
    <ClCompile Include="ImageManager.cpp">
      <Filter>Application\Krobus Engine\Asset Managers\Images</Filter>
    </ClCompile>
    <ClCompile Include="SpriteTest.cpp">
      <Filter>Application\User Code\Demo Objects\Test Objects</Filter>
    </ClCompile>
    <ClCompile Include="SpriteFont.cpp">
      <Filter>Application\Krobus Engine\Sprites\Fonts</Filter>
    </ClCompile>
    <ClCompile Include="SpriteFontManager.cpp">
      <Filter>Application\Krobus Engine\Asset Managers\Sprite Fonts</Filter>
    </ClCompile>
    <ClCompile Include="SpriteString.cpp">
      <Filter>Application\Krobus Engine\Sprites\Sprite String</Filter>
    </ClCompile>
    <ClCompile Include="ScreenLog.cpp">
      <Filter>Application\Krobus Engine\Sprites\Debugging Tool</Filter>
    </ClCompile>
    <ClCompile Include="SpriteDemo.cpp">
      <Filter>Application\User Code\Scenes\Documentation Demos</Filter>
    </ClCompile>
    <ClCompile Include="TestScene.cpp">
      <Filter>Application\User Code\Scenes\Documentation Demos</Filter>
    </ClCompile>
    <ClCompile Include="WorldPlane.cpp">
      <Filter>Application\User Code\Demo Objects\Test Objects</Filter>
    </ClCompile>
    <ClCompile Include="Terrain.cpp">
      <Filter>Application\User Code\Demo Objects\Tank Demo Objects</Filter>
    </ClCompile>
    <ClCompile Include="FlyingCamera.cpp">
      <Filter>Application\User Code\Demo Objects\Tank Demo Objects\Player</Filter>
    </ClCompile>
    <ClCompile Include="Player.cpp">
      <Filter>Application\User Code\Demo Objects\Tank Demo Objects\Player</Filter>
    </ClCompile>
    <ClCompile Include="EnemyTank.cpp">
      <Filter>Application\User Code\Demo Objects\Tank Demo Objects\Enemy</Filter>
    </ClCompile>
    <ClCompile Include="PlayerCamera.cpp">
      <Filter>Application\User Code\Demo Objects\Tank Demo Objects\Player</Filter>
    </ClCompile>
    <ClCompile Include="EnemyManager.cpp">
      <Filter>Application\User Code\Demo Objects\Tank Demo Objects\Enemy\Enemy Manager</Filter>
    </ClCompile>
    <ClCompile Include="EnemyFactory.cpp">
      <Filter>Application\User Code\Demo Objects\Tank Demo Objects\Enemy\Enemy Factory</Filter>
    </ClCompile>
    <ClCompile Include="SpawnTimer.cpp">
      <Filter>Application\User Code\Demo Objects\Tank Demo Objects\Enemy\Enemy Manager</Filter>
    </ClCompile>
    <ClCompile Include="EnemyBullet.cpp">
      <Filter>Application\User Code\Demo Objects\Tank Demo Objects\Enemy\Enemy Bullets</Filter>
    </ClCompile>
    <ClCompile Include="EnemyBulletFactory.cpp">
      <Filter>Application\User Code\Demo Objects\Tank Demo Objects\Enemy\Enemy Bullets</Filter>
    </ClCompile>
    <ClCompile Include="MenuScene.cpp">
      <Filter>Application\User Code\Scenes\TankDemo</Filter>
    </ClCompile>
    <ClCompile Include="SpriteFontTest.cpp">
      <Filter>Application\User Code\Demo Objects\Test Objects</Filter>
    </ClCompile>
    <ClCompile Include="MenuString.cpp">
      <Filter>Application\User Code\Demo Objects\Tank Demo Objects\HUD and Menu</Filter>
    </ClCompile>
    <ClCompile Include="PlayerScore.cpp">
      <Filter>Application\User Code\Demo Objects\Tank Demo Objects\Player</Filter>
    </ClCompile>
    <ClCompile Include="TankDemo2.cpp">
      <Filter>Application\User Code\Scenes\TankDemo</Filter>
    </ClCompile>
  </ItemGroup>
  <ItemGroup>
    <Filter Include="_Libs">
      <UniqueIdentifier>{1392bc0c-ded2-42a7-9ec1-333be4dadedd}</UniqueIdentifier>
    </Filter>
    <Filter Include="Application">
      <UniqueIdentifier>{aef3393e-06a5-4f08-bf4a-3b6be12d1e04}</UniqueIdentifier>
    </Filter>
    <Filter Include="_Libs\GLFW">
      <UniqueIdentifier>{d22a518f-dd11-48ea-8247-bd82c5928233}</UniqueIdentifier>
    </Filter>
    <Filter Include="_Libs\GLFW\include">
      <UniqueIdentifier>{f1613e77-99f1-482b-bccf-12b6784f3aa0}</UniqueIdentifier>
    </Filter>
    <Filter Include="_Libs\GLFW\lib">
      <UniqueIdentifier>{c350b52d-8efa-4eca-a258-d57d45c43245}</UniqueIdentifier>
    </Filter>
    <Filter Include="_Libs\SB6">
      <UniqueIdentifier>{189a2178-2765-49df-b052-8eca24a60d61}</UniqueIdentifier>
    </Filter>
    <Filter Include="_Libs\SB6\lib">
      <UniqueIdentifier>{841af908-0674-4949-8aa0-292e3e84a88b}</UniqueIdentifier>
    </Filter>
    <Filter Include="_Libs\SB6\include">
      <UniqueIdentifier>{d2f5d78b-d9cf-4bd9-bd4e-df7522de593c}</UniqueIdentifier>
    </Filter>
    <Filter Include="_Libs\File">
      <UniqueIdentifier>{fb44cdb2-f236-4b3b-833e-e9e2c3af59cd}</UniqueIdentifier>
    </Filter>
    <Filter Include="_Libs\File\lib">
      <UniqueIdentifier>{23abe339-ce80-4523-b0f0-23747e3f512f}</UniqueIdentifier>
    </Filter>
    <Filter Include="_Libs\File\include">
      <UniqueIdentifier>{323b20aa-e08c-4260-84b1-1e85121a9e17}</UniqueIdentifier>
    </Filter>
    <Filter Include="_Libs\Math">
      <UniqueIdentifier>{9fcc2c9b-3e4f-4ab2-a0c5-3099cdf90300}</UniqueIdentifier>
    </Filter>
    <Filter Include="_Libs\Math\lib">
      <UniqueIdentifier>{ea7cbe8f-1aeb-4ad2-bd4e-fa300408bd5f}</UniqueIdentifier>
    </Filter>
    <Filter Include="_Libs\Math\include">
      <UniqueIdentifier>{5d126765-1977-4213-89fb-e004f6468da5}</UniqueIdentifier>
    </Filter>
    <Filter Include="_Libs\AzulCore">
      <UniqueIdentifier>{d3f91089-c7e6-474d-8376-afd372d35a8c}</UniqueIdentifier>
    </Filter>
    <Filter Include="_Libs\AzulCore\lib">
      <UniqueIdentifier>{8a854cfc-9294-4797-b476-0b2feacdd62f}</UniqueIdentifier>
    </Filter>
    <Filter Include="_Libs\AzulCore\include">
      <UniqueIdentifier>{60eabb98-a714-4df4-8fa1-3fb92ea55bd6}</UniqueIdentifier>
    </Filter>
    <Filter Include="Application\Krobus Engine">
      <UniqueIdentifier>{824187d2-dbf2-48c1-859d-8588e9d55541}</UniqueIdentifier>
    </Filter>
    <Filter Include="Application\Krobus Resources">
      <UniqueIdentifier>{c19d9d9c-ae19-4624-a263-7cb87137ee5d}</UniqueIdentifier>
    </Filter>
    <Filter Include="Application\User Code">
      <UniqueIdentifier>{d27653e9-1994-4f1e-b1af-0dcc19423fbc}</UniqueIdentifier>
    </Filter>
    <Filter Include="Application\Krobus Engine\Asset Managers">
      <UniqueIdentifier>{dd5a7fe5-173c-4485-ae65-e726a397143d}</UniqueIdentifier>
    </Filter>
    <Filter Include="Application\User Code\Demo Objects">
      <UniqueIdentifier>{a452c772-b8d3-4c44-9a64-9769ac84d43f}</UniqueIdentifier>
    </Filter>
    <Filter Include="Application\Krobus Engine\Game Object">
      <UniqueIdentifier>{42b2986e-59ba-4f54-b2c6-396dcfcc4203}</UniqueIdentifier>
    </Filter>
    <Filter Include="Application\Krobus Engine\Scene">
      <UniqueIdentifier>{d78b0b38-b197-41f7-a844-1ebc2cec3b5f}</UniqueIdentifier>
    </Filter>
    <Filter Include="Application\Krobus Engine\Scene\Command Pattern">
      <UniqueIdentifier>{897fbc42-f3e3-40e6-b8cb-f873111b50c6}</UniqueIdentifier>
    </Filter>
    <Filter Include="Application\Krobus Engine\Game Object\Game Object Types">
      <UniqueIdentifier>{6327ea33-e9a7-4df8-a854-e812230d7b86}</UniqueIdentifier>
    </Filter>
    <Filter Include="Application\Krobus Engine\Game Object\Game Object Types\Drawable">
      <UniqueIdentifier>{642146a4-bcbe-42c9-818e-86b7d4b3f210}</UniqueIdentifier>
    </Filter>
    <Filter Include="Application\Krobus Engine\Game Object\Game Object Types\Updatable">
      <UniqueIdentifier>{32e46d18-ea0a-426e-ab31-a22f1dfab4f5}</UniqueIdentifier>
    </Filter>
    <Filter Include="Application\Krobus Engine\Game Object\Game Object Types\Alarmable">
      <UniqueIdentifier>{ceccb97d-97a4-4b65-9a54-4d6bdca1d90e}</UniqueIdentifier>
    </Filter>
    <Filter Include="Application\Krobus Engine\Game Object\Game Object Types\Drawable\Commands">
      <UniqueIdentifier>{ea2d5015-9ab2-43f5-8ac0-77497814264d}</UniqueIdentifier>
    </Filter>
    <Filter Include="Application\Krobus Engine\Game Object\Game Object Types\Updatable\Commands">
      <UniqueIdentifier>{64820f6d-6af7-403c-9ea1-8da99fe85bd9}</UniqueIdentifier>
    </Filter>
    <Filter Include="Application\Krobus Engine\Game Object\Game Object Types\Alarmable\Commands">
      <UniqueIdentifier>{6cf09c07-8b55-44e7-8a2e-c80821457c8a}</UniqueIdentifier>
    </Filter>
    <Filter Include="Application\User Code\Demo Objects\Test Objects">
      <UniqueIdentifier>{87910665-d74c-46a1-a423-ad42eb741828}</UniqueIdentifier>
    </Filter>
    <Filter Include="Application\Krobus Engine\Game Object\Game Object Types\Inputable">
      <UniqueIdentifier>{d5bdd1bd-eb32-404e-aeed-a4b98d53876c}</UniqueIdentifier>
    </Filter>
    <Filter Include="Application\Krobus Engine\Game Object\Game Object Types\Inputable\Commands">
      <UniqueIdentifier>{a84e8ed7-e135-437f-a875-9dc3db5d8dd7}</UniqueIdentifier>
    </Filter>
    <Filter Include="Application\Krobus Engine\Game Object\Game Object Types\Inputable\Keyboard Event Manager">
      <UniqueIdentifier>{bf35f526-b507-4da3-81d6-edfb31fd519f}</UniqueIdentifier>
    </Filter>
    <Filter Include="Application\Krobus Engine\Game Object\Game Object Types\Inputable\Single Key Event Manager">
      <UniqueIdentifier>{d768d20b-a891-4587-b314-7f6c8c802109}</UniqueIdentifier>
    </Filter>
    <Filter Include="Application\Krobus Engine\Game Object\Scene Entry/Exit">
      <UniqueIdentifier>{ae4380e7-a08d-4271-bfc4-728e7457c232}</UniqueIdentifier>
    </Filter>
    <Filter Include="Application\Krobus Engine\TimeManager">
      <UniqueIdentifier>{e8324b0f-5dcf-47d5-8425-3e7b3825248a}</UniqueIdentifier>
    </Filter>
    <Filter Include="Application\Krobus Engine\Asset Managers\Models">
      <UniqueIdentifier>{9366ae11-acfe-4856-8324-2bce588e45c1}</UniqueIdentifier>
    </Filter>
    <Filter Include="Application\Krobus Engine\Asset Managers\Shaders">
      <UniqueIdentifier>{30fe37b8-d412-417a-b031-a8bdfdb1621a}</UniqueIdentifier>
    </Filter>
    <Filter Include="Application\Krobus Engine\Asset Managers\Textures">
      <UniqueIdentifier>{844ff80b-c3bc-4a97-921b-89beb119af8a}</UniqueIdentifier>
    </Filter>
    <Filter Include="Application\Krobus Engine\Camera">
      <UniqueIdentifier>{0110ee23-04cc-45fe-a644-ce8715c31b8e}</UniqueIdentifier>
    </Filter>
    <Filter Include="Application\User Code\Scenes">
      <UniqueIdentifier>{7b3ea6c6-58ad-419f-a772-8f03eb869eb6}</UniqueIdentifier>
    </Filter>
    <Filter Include="Application\Krobus Engine\Scene\Command Pattern\Changing Scenes">
      <UniqueIdentifier>{965f276d-cd11-4369-b70c-5fb7e77cfa42}</UniqueIdentifier>
    </Filter>
    <Filter Include="Application\Krobus Engine\Game Object\Game Object Types\Collidable">
      <UniqueIdentifier>{18f1c6b2-17cc-41b7-bae7-24f9ffcffa53}</UniqueIdentifier>
    </Filter>
    <Filter Include="Application\Krobus Engine\Game Object\Game Object Types\Collidable\Commands">
      <UniqueIdentifier>{0e98f340-6897-4ec9-b5bb-a05342555c50}</UniqueIdentifier>
    </Filter>
    <Filter Include="Application\Krobus Engine\Scene\Scene Manager">
      <UniqueIdentifier>{c7f21e95-be35-46bc-b121-ad4998cf538c}</UniqueIdentifier>
    </Filter>
    <Filter Include="Application\Krobus Engine\Game Object\Game Object Types\Collidable\Dispatch">
      <UniqueIdentifier>{faf86740-6dc0-40ed-9f8d-b6532ba706c6}</UniqueIdentifier>
    </Filter>
    <Filter Include="Application\Krobus Engine\Collisions">
      <UniqueIdentifier>{51dac812-1cf0-443c-94ea-b9a5e7d9ebc9}</UniqueIdentifier>
    </Filter>
    <Filter Include="Application\Krobus Engine\Collisions\BSphere">
      <UniqueIdentifier>{44cf77f8-9f86-495d-9b19-9c2c7ff97ead}</UniqueIdentifier>
    </Filter>
    <Filter Include="Application\Krobus Engine\Collisions\Testing Tools">
      <UniqueIdentifier>{7036a6a8-28dd-49da-b9e4-1a74c87ac22e}</UniqueIdentifier>
    </Filter>
    <Filter Include="Application\Krobus Engine\Colors">
      <UniqueIdentifier>{c94b0dd9-a8ac-4567-8c42-bf81d1e9d164}</UniqueIdentifier>
    </Filter>
    <Filter Include="Application\Krobus Engine\Math Tools">
      <UniqueIdentifier>{0b85e072-fcf9-408e-ba1a-448ae23a8758}</UniqueIdentifier>
    </Filter>
    <Filter Include="Application\User Code\Scenes\TankDemo">
      <UniqueIdentifier>{e1fff618-588b-4dfc-8755-992ee752eb42}</UniqueIdentifier>
    </Filter>
    <Filter Include="Application\User Code\Demo Objects\Tank Demo Objects">
      <UniqueIdentifier>{9e03b0e4-9b16-49ec-bc75-b69c654cc63d}</UniqueIdentifier>
    </Filter>
    <Filter Include="Application\User Code\Scenes\Documentation Demos">
      <UniqueIdentifier>{97e76489-0811-42fc-825d-e27cf0f2e0fc}</UniqueIdentifier>
    </Filter>
    <Filter Include="Application\Krobus Engine\Sprites">
      <UniqueIdentifier>{d6e18ca0-e857-4e7b-874d-78670f08afe3}</UniqueIdentifier>
    </Filter>
    <Filter Include="Application\Krobus Engine\Asset Managers\Images">
      <UniqueIdentifier>{a999f1de-9d3f-47ee-b243-e3c02970abcf}</UniqueIdentifier>
    </Filter>
    <Filter Include="Application\Krobus Engine\Sprites\Fonts">
      <UniqueIdentifier>{72975ea0-275b-4546-9807-68e816d8c958}</UniqueIdentifier>
    </Filter>
    <Filter Include="Application\Krobus Engine\Sprites\Fonts\RapidXML">
      <UniqueIdentifier>{8d6b3640-eced-4e96-89ec-62b9a6bf272a}</UniqueIdentifier>
    </Filter>
    <Filter Include="Application\Krobus Engine\Asset Managers\Sprite Fonts">
      <UniqueIdentifier>{fdfc8aa5-923a-4ab3-98ad-5e3f3cacc28f}</UniqueIdentifier>
    </Filter>
    <Filter Include="Application\Krobus Engine\Sprites\Sprite String">
      <UniqueIdentifier>{c668b944-be76-421d-9b12-1ac28c183dcd}</UniqueIdentifier>
    </Filter>
    <Filter Include="Application\Krobus Engine\Sprites\Debugging Tool">
      <UniqueIdentifier>{1caf1d64-9db8-4543-ada6-b155e196a23c}</UniqueIdentifier>
    </Filter>
    <Filter Include="Application\User Code\Demo Objects\Tank Demo Objects\Player">
      <UniqueIdentifier>{1f1ff158-62f9-47b9-9da2-458bd7ce56d5}</UniqueIdentifier>
    </Filter>
    <Filter Include="Application\User Code\Demo Objects\Tank Demo Objects\Enemy">
      <UniqueIdentifier>{47aa6580-392b-4c3a-8b87-c7962293e3a6}</UniqueIdentifier>
    </Filter>
    <Filter Include="Application\User Code\Demo Objects\Tank Demo Objects\Player\Player Bullet">
      <UniqueIdentifier>{b055fb04-d23a-4bbb-8083-bf7cbc8e5d12}</UniqueIdentifier>
    </Filter>
    <Filter Include="Application\User Code\Demo Objects\Tank Demo Objects\Enemy\Enemy Manager">
      <UniqueIdentifier>{030455a4-c432-4b28-baae-d54766f63eea}</UniqueIdentifier>
    </Filter>
    <Filter Include="Application\User Code\Demo Objects\Tank Demo Objects\Enemy\Enemy Factory">
      <UniqueIdentifier>{1d4e1a9e-6f89-41d0-a859-86d701c5cf79}</UniqueIdentifier>
    </Filter>
    <Filter Include="Application\User Code\Demo Objects\Tank Demo Objects\Enemy\Enemy Bullets">
      <UniqueIdentifier>{7e08ea30-8f4d-444b-8604-e8255cb97c69}</UniqueIdentifier>
    </Filter>
    <Filter Include="Application\User Code\Demo Objects\Tank Demo Objects\HUD and Menu">
      <UniqueIdentifier>{9a61f95f-7c9f-427f-8565-f9d463232555}</UniqueIdentifier>
    </Filter>
  </ItemGroup>
  <ItemGroup>
    <ClInclude Include="..\dist\GLFW\include\GL\glfw.h">
      <Filter>_Libs\GLFW\include</Filter>
    </ClInclude>
    <ClInclude Include="..\dist\SB6\include\arcball.h">
      <Filter>_Libs\SB6\include</Filter>
    </ClInclude>
    <ClInclude Include="..\dist\SB6\include\object.h">
      <Filter>_Libs\SB6\include</Filter>
    </ClInclude>
    <ClInclude Include="..\dist\SB6\include\sb6.h">
      <Filter>_Libs\SB6\include</Filter>
    </ClInclude>
    <ClInclude Include="..\dist\SB6\include\sb6ext.h">
      <Filter>_Libs\SB6\include</Filter>
    </ClInclude>
    <ClInclude Include="..\dist\SB6\include\sb6ktx.h">
      <Filter>_Libs\SB6\include</Filter>
    </ClInclude>
    <ClInclude Include="..\dist\SB6\include\sb6mfile.h">
      <Filter>_Libs\SB6\include</Filter>
    </ClInclude>
    <ClInclude Include="..\dist\SB6\include\shader.h">
      <Filter>_Libs\SB6\include</Filter>
    </ClInclude>
    <ClInclude Include="..\dist\SB6\include\vmath.h">
      <Filter>_Libs\SB6\include</Filter>
    </ClInclude>
    <ClInclude Include="..\dist\SB6\include\GL\gl3w.h">
      <Filter>_Libs\SB6\include</Filter>
    </ClInclude>
    <ClInclude Include="..\dist\SB6\include\GL\glcorearb.h">
      <Filter>_Libs\SB6\include</Filter>
    </ClInclude>
    <ClInclude Include="..\dist\SB6\include\GL\glext.h">
      <Filter>_Libs\SB6\include</Filter>
    </ClInclude>
    <ClInclude Include="..\dist\SB6\include\GL\glxext.h">
      <Filter>_Libs\SB6\include</Filter>
    </ClInclude>
    <ClInclude Include="..\dist\SB6\include\GL\wglext.h">
      <Filter>_Libs\SB6\include</Filter>
    </ClInclude>
    <ClInclude Include="..\dist\File\include\File.h">
      <Filter>_Libs\File\include</Filter>
    </ClInclude>
    <ClInclude Include="..\dist\Math\include\Align16.h">
      <Filter>_Libs\Math\include</Filter>
    </ClInclude>
    <ClInclude Include="..\dist\Math\include\Constants.h">
      <Filter>_Libs\Math\include</Filter>
    </ClInclude>
    <ClInclude Include="..\dist\Math\include\Enum.h">
      <Filter>_Libs\Math\include</Filter>
    </ClInclude>
    <ClInclude Include="..\dist\Math\include\MathEngine.h">
      <Filter>_Libs\Math\include</Filter>
    </ClInclude>
    <ClInclude Include="..\dist\Math\include\Matrix.h">
      <Filter>_Libs\Math\include</Filter>
    </ClInclude>
    <ClInclude Include="..\dist\Math\include\Util.h">
      <Filter>_Libs\Math\include</Filter>
    </ClInclude>
    <ClInclude Include="..\dist\Math\include\Vect.h">
      <Filter>_Libs\Math\include</Filter>
    </ClInclude>
    <ClInclude Include="..\dist\AzulCore\include\AzulCore.h">
      <Filter>_Libs\AzulCore\include</Filter>
    </ClInclude>
    <ClInclude Include="..\dist\AzulCore\include\AzulFileHdr.h">
      <Filter>_Libs\AzulCore\include</Filter>
    </ClInclude>
    <ClInclude Include="..\dist\AzulCore\include\AzulHelper.h">
      <Filter>_Libs\AzulCore\include</Filter>
    </ClInclude>
    <ClInclude Include="..\dist\AzulCore\include\Camera.h">
      <Filter>_Libs\AzulCore\include</Filter>
    </ClInclude>
    <ClInclude Include="..\dist\AzulCore\include\DebugOut.h">
      <Filter>_Libs\AzulCore\include</Filter>
    </ClInclude>
    <ClInclude Include="..\dist\AzulCore\include\Engine.h">
      <Filter>_Libs\AzulCore\include</Filter>
    </ClInclude>
    <ClInclude Include="..\dist\AzulCore\include\GpuVertTypes.h">
      <Filter>_Libs\AzulCore\include</Filter>
    </ClInclude>
    <ClInclude Include="..\dist\AzulCore\include\GraphicsObject.h">
      <Filter>_Libs\AzulCore\include</Filter>
    </ClInclude>
    <ClInclude Include="..\dist\AzulCore\include\GraphicsObject_ColorByPosition.h">
      <Filter>_Libs\AzulCore\include</Filter>
    </ClInclude>
    <ClInclude Include="..\dist\AzulCore\include\GraphicsObject_ColorNoTexture.h">
      <Filter>_Libs\AzulCore\include</Filter>
    </ClInclude>
    <ClInclude Include="..\dist\AzulCore\include\GraphicsObject_ColorNoTextureLight.h">
      <Filter>_Libs\AzulCore\include</Filter>
    </ClInclude>
    <ClInclude Include="..\dist\AzulCore\include\GraphicsObject_Sprite.h">
      <Filter>_Libs\AzulCore\include</Filter>
    </ClInclude>
    <ClInclude Include="..\dist\AzulCore\include\GraphicsObject_SpriteBox.h">
      <Filter>_Libs\AzulCore\include</Filter>
    </ClInclude>
    <ClInclude Include="..\dist\AzulCore\include\GraphicsObject_TextureFlat.h">
      <Filter>_Libs\AzulCore\include</Filter>
    </ClInclude>
    <ClInclude Include="..\dist\AzulCore\include\GraphicsObject_TextureLight.h">
      <Filter>_Libs\AzulCore\include</Filter>
    </ClInclude>
    <ClInclude Include="..\dist\AzulCore\include\GraphicsObject_WireframeAutoColor.h">
      <Filter>_Libs\AzulCore\include</Filter>
    </ClInclude>
    <ClInclude Include="..\dist\AzulCore\include\GraphicsObject_WireframeConstantColor.h">
      <Filter>_Libs\AzulCore\include</Filter>
    </ClInclude>
    <ClInclude Include="..\dist\AzulCore\include\Image.h">
      <Filter>_Libs\AzulCore\include</Filter>
    </ClInclude>
    <ClInclude Include="..\dist\AzulCore\include\Keyboard.h">
      <Filter>_Libs\AzulCore\include</Filter>
    </ClInclude>
    <ClInclude Include="..\dist\AzulCore\include\LibrarySetup.h">
      <Filter>_Libs\AzulCore\include</Filter>
    </ClInclude>
    <ClInclude Include="..\dist\AzulCore\include\Model.h">
      <Filter>_Libs\AzulCore\include</Filter>
    </ClInclude>
    <ClInclude Include="..\dist\AzulCore\include\Mouse.h">
      <Filter>_Libs\AzulCore\include</Filter>
    </ClInclude>
    <ClInclude Include="..\dist\AzulCore\include\Rect.h">
      <Filter>_Libs\AzulCore\include</Filter>
    </ClInclude>
    <ClInclude Include="..\dist\AzulCore\include\ShaderObject.h">
      <Filter>_Libs\AzulCore\include</Filter>
    </ClInclude>
    <ClInclude Include="..\dist\AzulCore\include\Texture.h">
      <Filter>_Libs\AzulCore\include</Filter>
    </ClInclude>
    <ClInclude Include="..\dist\AzulCore\include\TextureTGA.h">
      <Filter>_Libs\AzulCore\include</Filter>
    </ClInclude>
    <ClInclude Include="..\dist\Math\include\MathApp.h">
      <Filter>_Libs\Math\include</Filter>
    </ClInclude>
    <ClInclude Include="..\dist\Math\include\Quat.h">
      <Filter>_Libs\Math\include</Filter>
    </ClInclude>
    <ClInclude Include="..\dist\Math\include\QuatApp.h">
      <Filter>_Libs\Math\include</Filter>
    </ClInclude>
    <ClInclude Include="..\dist\Math\include\VectApp.h">
      <Filter>_Libs\Math\include</Filter>
    </ClInclude>
    <ClInclude Include="KrobusEngine.h">
      <Filter>Application\Krobus Engine</Filter>
    </ClInclude>
    <ClInclude Include="GameObject.h">
      <Filter>Application\Krobus Engine\Game Object</Filter>
    </ClInclude>
    <ClInclude Include="Scene.h">
      <Filter>Application\Krobus Engine\Scene</Filter>
    </ClInclude>
    <ClInclude Include="SceneRegistrationBroker.h">
      <Filter>Application\Krobus Engine\Scene\Command Pattern</Filter>
    </ClInclude>
    <ClInclude Include="CommandBase.h">
      <Filter>Application\Krobus Engine\Scene\Command Pattern</Filter>
    </ClInclude>
    <ClInclude Include="RegistrationState.h">
      <Filter>Application\Krobus Engine\Scene\Command Pattern</Filter>
    </ClInclude>
    <ClInclude Include="DrawableManager.h">
      <Filter>Application\Krobus Engine\Game Object\Game Object Types\Drawable</Filter>
    </ClInclude>
    <ClInclude Include="Drawable.h">
      <Filter>Application\Krobus Engine\Game Object\Game Object Types\Drawable</Filter>
    </ClInclude>
    <ClInclude Include="UpdatableManager.h">
      <Filter>Application\Krobus Engine\Game Object\Game Object Types\Updatable</Filter>
    </ClInclude>
    <ClInclude Include="Updatable.h">
      <Filter>Application\Krobus Engine\Game Object\Game Object Types\Updatable</Filter>
    </ClInclude>
    <ClInclude Include="Alarmable.h">
      <Filter>Application\Krobus Engine\Game Object\Game Object Types\Alarmable</Filter>
    </ClInclude>
    <ClInclude Include="AlarmableManager.h">
      <Filter>Application\Krobus Engine\Game Object\Game Object Types\Alarmable</Filter>
    </ClInclude>
    <ClInclude Include="DrawDeregistrationCommand.h">
      <Filter>Application\Krobus Engine\Game Object\Game Object Types\Drawable\Commands</Filter>
    </ClInclude>
    <ClInclude Include="DrawRegistrationCommand.h">
      <Filter>Application\Krobus Engine\Game Object\Game Object Types\Drawable\Commands</Filter>
    </ClInclude>
    <ClInclude Include="UpdateDeregistrationCommand.h">
      <Filter>Application\Krobus Engine\Game Object\Game Object Types\Updatable\Commands</Filter>
    </ClInclude>
    <ClInclude Include="UpdateRegistrationCommand.h">
      <Filter>Application\Krobus Engine\Game Object\Game Object Types\Updatable\Commands</Filter>
    </ClInclude>
    <ClInclude Include="AlarmRegistrationCommand.h">
      <Filter>Application\Krobus Engine\Game Object\Game Object Types\Alarmable\Commands</Filter>
    </ClInclude>
    <ClInclude Include="AlarmDeregistrationCommand.h">
      <Filter>Application\Krobus Engine\Game Object\Game Object Types\Alarmable\Commands</Filter>
    </ClInclude>
    <ClInclude Include="KeyPressTester.h">
      <Filter>Application\User Code\Demo Objects\Test Objects</Filter>
    </ClInclude>
    <ClInclude Include="KeyStateTest.h">
      <Filter>Application\User Code\Demo Objects\Test Objects</Filter>
    </ClInclude>
    <ClInclude Include="Inputable.h">
      <Filter>Application\Krobus Engine\Game Object\Game Object Types\Inputable</Filter>
    </ClInclude>
    <ClInclude Include="SingleKeyEventManager.h">
      <Filter>Application\Krobus Engine\Game Object\Game Object Types\Inputable\Single Key Event Manager</Filter>
    </ClInclude>
    <ClInclude Include="KeyboardEventManager.h">
      <Filter>Application\Krobus Engine\Game Object\Game Object Types\Inputable\Keyboard Event Manager</Filter>
    </ClInclude>
    <ClInclude Include="EVENT_TYPE.h">
      <Filter>Application\Krobus Engine\Game Object\Game Object Types\Inputable</Filter>
    </ClInclude>
    <ClInclude Include="InputRegistrationCommand.h">
      <Filter>Application\Krobus Engine\Game Object\Game Object Types\Inputable\Commands</Filter>
    </ClInclude>
    <ClInclude Include="InputDeregistrationCommand.h">
      <Filter>Application\Krobus Engine\Game Object\Game Object Types\Inputable\Commands</Filter>
    </ClInclude>
    <ClInclude Include="GameObjectEntryCommand.h">
      <Filter>Application\Krobus Engine\Game Object\Scene Entry/Exit</Filter>
    </ClInclude>
    <ClInclude Include="GameObjectExitCommand.h">
      <Filter>Application\Krobus Engine\Game Object\Scene Entry/Exit</Filter>
    </ClInclude>
    <ClInclude Include="Bullet.h">
      <Filter>Application\User Code\Demo Objects\Tank Demo Objects\Player\Player Bullet</Filter>
    </ClInclude>
    <ClInclude Include="BulletFactory.h">
      <Filter>Application\User Code\Demo Objects\Tank Demo Objects\Player\Player Bullet</Filter>
    </ClInclude>
    <ClInclude Include="TimeManager.h">
      <Filter>Application\Krobus Engine\TimeManager</Filter>
    </ClInclude>
    <ClInclude Include="ModelManager.h">
      <Filter>Application\Krobus Engine\Asset Managers\Models</Filter>
    </ClInclude>
    <ClInclude Include="ShaderManager.h">
      <Filter>Application\Krobus Engine\Asset Managers\Shaders</Filter>
    </ClInclude>
    <ClInclude Include="TextureManager.h">
      <Filter>Application\Krobus Engine\Asset Managers\Textures</Filter>
    </ClInclude>
    <ClInclude Include="ModelManagerAttorney.h">
      <Filter>Application\Krobus Engine\Asset Managers\Models</Filter>
    </ClInclude>
    <ClInclude Include="TextureManagerAttorney.h">
      <Filter>Application\Krobus Engine\Asset Managers\Textures</Filter>
    </ClInclude>
    <ClInclude Include="ShaderManagerAttorney.h">
      <Filter>Application\Krobus Engine\Asset Managers\Shaders</Filter>
    </ClInclude>
    <ClInclude Include="TimeManagerAttorney.h">
      <Filter>Application\Krobus Engine\TimeManager</Filter>
    </ClInclude>
    <ClInclude Include="UpdatableAttorney.h">
      <Filter>Application\Krobus Engine\Game Object\Game Object Types\Updatable</Filter>
    </ClInclude>
    <ClInclude Include="DrawableAttorney.h">
      <Filter>Application\Krobus Engine\Game Object\Game Object Types\Drawable</Filter>
    </ClInclude>
    <ClInclude Include="ALARM_ID.h">
      <Filter>Application\Krobus Engine\Game Object\Game Object Types\Alarmable</Filter>
    </ClInclude>
    <ClInclude Include="FreezeTime.h">
      <Filter>Application\Krobus Engine\TimeManager</Filter>
    </ClInclude>
    <ClInclude Include="CameraManager.h">
      <Filter>Application\Krobus Engine\Camera</Filter>
    </ClInclude>
    <ClInclude Include="SceneNull.h">
      <Filter>Application\Krobus Engine\Scene</Filter>
    </ClInclude>
    <ClInclude Include="SceneChangeCommand.h">
      <Filter>Application\Krobus Engine\Scene\Command Pattern\Changing Scenes</Filter>
    </ClInclude>
    <ClInclude Include="SceneChangeNullCommand.h">
      <Filter>Application\Krobus Engine\Scene\Command Pattern\Changing Scenes</Filter>
    </ClInclude>
    <ClInclude Include="CollisionDeregistrationCommand.h">
      <Filter>Application\Krobus Engine\Game Object\Game Object Types\Collidable\Commands</Filter>
    </ClInclude>
    <ClInclude Include="CollisionRegistrationCommand.h">
      <Filter>Application\Krobus Engine\Game Object\Game Object Types\Collidable\Commands</Filter>
    </ClInclude>
    <ClInclude Include="SceneManager.h">
      <Filter>Application\Krobus Engine\Scene\Scene Manager</Filter>
    </ClInclude>
    <ClInclude Include="SceneManagerAttorney.h">
      <Filter>Application\Krobus Engine\Scene\Scene Manager</Filter>
    </ClInclude>
    <ClInclude Include="SceneAttorney.h">
      <Filter>Application\Krobus Engine\Scene</Filter>
    </ClInclude>
    <ClInclude Include="Collidable.h">
      <Filter>Application\Krobus Engine\Game Object\Game Object Types\Collidable</Filter>
    </ClInclude>
    <ClInclude Include="CollidableGroup.h">
      <Filter>Application\Krobus Engine\Game Object\Game Object Types\Collidable</Filter>
    </ClInclude>
    <ClInclude Include="CollidableAttorney.h">
      <Filter>Application\Krobus Engine\Game Object\Game Object Types\Collidable</Filter>
    </ClInclude>
    <ClInclude Include="CollisionTestSelfCommand.h">
      <Filter>Application\Krobus Engine\Game Object\Game Object Types\Collidable\Commands</Filter>
    </ClInclude>
    <ClInclude Include="CollisionTestPairCommand.h">
      <Filter>Application\Krobus Engine\Game Object\Game Object Types\Collidable\Commands</Filter>
    </ClInclude>
    <ClInclude Include="CollisionTestCommandBase.h">
      <Filter>Application\Krobus Engine\Game Object\Game Object Types\Collidable\Commands</Filter>
    </ClInclude>
    <ClInclude Include="CollisionDispatchBase.h">
      <Filter>Application\Krobus Engine\Game Object\Game Object Types\Collidable\Dispatch</Filter>
    </ClInclude>
    <ClInclude Include="CollisionDispatch.h">
      <Filter>Application\Krobus Engine\Game Object\Game Object Types\Collidable\Dispatch</Filter>
    </ClInclude>
    <ClInclude Include="CollisionManager.h">
      <Filter>Application\Krobus Engine\Collisions</Filter>
    </ClInclude>
    <ClInclude Include="CollisionVolume.h">
      <Filter>Application\Krobus Engine\Collisions</Filter>
    </ClInclude>
    <ClInclude Include="CollisionVolumeBSphere.h">
      <Filter>Application\Krobus Engine\Collisions\BSphere</Filter>
    </ClInclude>
    <ClInclude Include="Visualizer.h">
      <Filter>Application\Krobus Engine\Collisions\Testing Tools</Filter>
    </ClInclude>
    <ClInclude Include="VisualizerAttorney.h">
      <Filter>Application\Krobus Engine\Collisions\Testing Tools</Filter>
    </ClInclude>
    <ClInclude Include="Colors.h">
      <Filter>Application\Krobus Engine\Colors</Filter>
    </ClInclude>
    <ClInclude Include="PWMathTools.h">
      <Filter>Application\Krobus Engine\Math Tools</Filter>
    </ClInclude>
    <ClInclude Include="InputableAttorney.h">
      <Filter>Application\Krobus Engine\Game Object\Game Object Types\Inputable</Filter>
    </ClInclude>
    <ClInclude Include="AlarmableAttorney.h">
      <Filter>Application\Krobus Engine\Game Object\Game Object Types\Alarmable</Filter>
    </ClInclude>
    <ClInclude Include="TankDemoStart.h">
      <Filter>Application\User Code\Scenes\TankDemo</Filter>
    </ClInclude>
    <ClInclude Include="Cottage.h">
      <Filter>Application\User Code\Demo Objects\Test Objects</Filter>
    </ClInclude>
    <ClInclude Include="Frigate.h">
      <Filter>Application\User Code\Demo Objects\Test Objects</Filter>
    </ClInclude>
    <ClInclude Include="SceneDemo.h">
      <Filter>Application\User Code\Scenes\Documentation Demos</Filter>
    </ClInclude>
    <ClInclude Include="CameraDemo.h">
      <Filter>Application\User Code\Scenes\Documentation Demos</Filter>
    </ClInclude>
    <ClInclude Include="MovementDemo.h">
      <Filter>Application\User Code\Scenes\Documentation Demos</Filter>
    </ClInclude>
    <ClInclude Include="KrobusSprite.h">
      <Filter>Application\Krobus Engine\Sprites</Filter>
    </ClInclude>
    <ClInclude Include="ImageManager.h">
      <Filter>Application\Krobus Engine\Asset Managers\Images</Filter>
    </ClInclude>
    <ClInclude Include="ImageManagerAttorney.h">
      <Filter>Application\Krobus Engine\Asset Managers\Images</Filter>
    </ClInclude>
    <ClInclude Include="SpriteTest.h">
      <Filter>Application\User Code\Demo Objects\Test Objects</Filter>
    </ClInclude>
    <ClInclude Include="SpriteFont.h">
      <Filter>Application\Krobus Engine\Sprites\Fonts</Filter>
    </ClInclude>
    <ClInclude Include="rapidxml.hpp">
      <Filter>Application\Krobus Engine\Sprites\Fonts\RapidXML</Filter>
    </ClInclude>
    <ClInclude Include="rapidxml_iterators.hpp">
      <Filter>Application\Krobus Engine\Sprites\Fonts\RapidXML</Filter>
    </ClInclude>
    <ClInclude Include="rapidxml_print.hpp">
      <Filter>Application\Krobus Engine\Sprites\Fonts\RapidXML</Filter>
    </ClInclude>
    <ClInclude Include="rapidxml_utils.hpp">
      <Filter>Application\Krobus Engine\Sprites\Fonts\RapidXML</Filter>
    </ClInclude>
    <ClInclude Include="SpriteFontManager.h">
      <Filter>Application\Krobus Engine\Asset Managers\Sprite Fonts</Filter>
    </ClInclude>
    <ClInclude Include="SpriteFontManagerAttorney.h">
      <Filter>Application\Krobus Engine\Asset Managers\Sprite Fonts</Filter>
    </ClInclude>
    <ClInclude Include="SpriteString.h">
      <Filter>Application\Krobus Engine\Sprites\Sprite String</Filter>
    </ClInclude>
    <ClInclude Include="ScreenLog.h">
      <Filter>Application\Krobus Engine\Sprites\Debugging Tool</Filter>
    </ClInclude>
    <ClInclude Include="ScreenLogAttorney.h">
      <Filter>Application\Krobus Engine\Sprites\Debugging Tool</Filter>
    </ClInclude>
    <ClInclude Include="SpriteDemo.h">
      <Filter>Application\User Code\Scenes\Documentation Demos</Filter>
    </ClInclude>
    <ClInclude Include="TestScene.h">
      <Filter>Application\User Code\Scenes\Documentation Demos</Filter>
    </ClInclude>
    <ClInclude Include="WorldPlane.h">
      <Filter>Application\User Code\Demo Objects\Test Objects</Filter>
    </ClInclude>
    <ClInclude Include="Terrain.h">
      <Filter>Application\User Code\Demo Objects\Tank Demo Objects</Filter>
    </ClInclude>
    <ClInclude Include="FlyingCamera.h">
      <Filter>Application\User Code\Demo Objects\Tank Demo Objects\Player</Filter>
    </ClInclude>
    <ClInclude Include="Player.h">
      <Filter>Application\User Code\Demo Objects\Tank Demo Objects\Player</Filter>
    </ClInclude>
    <ClInclude Include="EnemyTank.h">
      <Filter>Application\User Code\Demo Objects\Tank Demo Objects\Enemy</Filter>
    </ClInclude>
    <ClInclude Include="PlayerCamera.h">
      <Filter>Application\User Code\Demo Objects\Tank Demo Objects\Player</Filter>
    </ClInclude>
    <ClInclude Include="EnemyManager.h">
      <Filter>Application\User Code\Demo Objects\Tank Demo Objects\Enemy\Enemy Manager</Filter>
    </ClInclude>
    <ClInclude Include="EnemyManagerAttorney.h">
      <Filter>Application\User Code\Demo Objects\Tank Demo Objects\Enemy\Enemy Manager</Filter>
    </ClInclude>
    <ClInclude Include="EnemyFactory.h">
      <Filter>Application\User Code\Demo Objects\Tank Demo Objects\Enemy\Enemy Factory</Filter>
    </ClInclude>
    <ClInclude Include="EnemyFactoryAttorney.h">
      <Filter>Application\User Code\Demo Objects\Tank Demo Objects\Enemy\Enemy Factory</Filter>
    </ClInclude>
    <ClInclude Include="SpawnTimer.h">
      <Filter>Application\User Code\Demo Objects\Tank Demo Objects\Enemy\Enemy Manager</Filter>
    </ClInclude>
    <ClInclude Include="EnemyBullet.h">
      <Filter>Application\User Code\Demo Objects\Tank Demo Objects\Enemy\Enemy Bullets</Filter>
    </ClInclude>
    <ClInclude Include="EnemyBulletFactory.h">
      <Filter>Application\User Code\Demo Objects\Tank Demo Objects\Enemy\Enemy Bullets</Filter>
    </ClInclude>
    <ClInclude Include="MenuScene.h">
      <Filter>Application\User Code\Scenes\TankDemo</Filter>
    </ClInclude>
    <ClInclude Include="SpriteFontTest.h">
      <Filter>Application\User Code\Demo Objects\Test Objects</Filter>
    </ClInclude>
    <ClInclude Include="MenuString.h">
      <Filter>Application\User Code\Demo Objects\Tank Demo Objects\HUD and Menu</Filter>
    </ClInclude>
    <ClInclude Include="PlayerScore.h">
      <Filter>Application\User Code\Demo Objects\Tank Demo Objects\Player</Filter>
    </ClInclude>
    <ClInclude Include="TankDemo2.h">
      <Filter>Application\User Code\Scenes\TankDemo</Filter>
    </ClInclude>
  </ItemGroup>
  <ItemGroup>
    <Library Include="..\dist\GLFW\lib\GLFW_Debug.lib">
      <Filter>_Libs\GLFW\lib</Filter>
    </Library>
    <Library Include="..\dist\SB6\lib\sb6_Debug.lib">
      <Filter>_Libs\SB6\lib</Filter>
    </Library>
    <Library Include="..\dist\File\lib\File_Debug.lib">
      <Filter>_Libs\File\lib</Filter>
    </Library>
    <Library Include="..\dist\Math\lib\MathEngine_Debug.lib">
      <Filter>_Libs\Math\lib</Filter>
    </Library>
    <Library Include="..\dist\AzulCore\lib\AzulCore_Debug.lib">
      <Filter>_Libs\AzulCore\lib</Filter>
    </Library>
  </ItemGroup>
</Project>